
Microsoft Visual Studio Solution File, Format Version 12.00
# Visual Studio Version 16
VisualStudioVersion = 16.0.31129.286
MinimumVisualStudioVersion = 10.0.40219.1
Project("{FAE04EC0-301F-11D3-BF4B-00C04F79EFBC}") = "Mesafe Hesaplama", "Mesafe Hesaplama\Mesafe Hesaplama.csproj", "{25C00C63-F19D-4A0C-905B-5A00F81D1F51}"
EndProject
Global
	GlobalSection(SolutionConfigurationPlatforms) = preSolution
		Debug|Any CPU = Debug|Any CPU
		Release|Any CPU = Release|Any CPU
	EndGlobalSection
	GlobalSection(ProjectConfigurationPlatforms) = postSolution
		{25C00C63-F19D-4A0C-905B-5A00F81D1F51}.Debug|Any CPU.ActiveCfg = Debug|Any CPU
		{25C00C63-F19D-4A0C-905B-5A00F81D1F51}.Debug|Any CPU.Build.0 = Debug|Any CPU
		{25C00C63-F19D-4A0C-905B-5A00F81D1F51}.Release|Any CPU.ActiveCfg = Release|Any CPU
		{25C00C63-F19D-4A0C-905B-5A00F81D1F51}.Release|Any CPU.Build.0 = Release|Any CPU
	EndGlobalSection
	GlobalSection(SolutionProperties) = preSolution
		HideSolutionNode = FALSE
	EndGlobalSection
	GlobalSection(ExtensibilityGlobals) = postSolution
		SolutionGuid = {9A0681B3-D53A-4EF1-B1B6-FC70CA4A4433}
	EndGlobalSection
EndGlobal
